
Microsoft Visual Studio Solution File, Format Version 12.00
# Visual Studio Version 17
VisualStudioVersion = 17.14.36804.6 d17.14
MinimumVisualStudioVersion = 10.0.40219.1
Project("{FAE04EC0-301F-11D3-BF4B-00C04F79EFBC}") = "BudgetPlanner.Wpf", "BudgetPlanner.Wpf\BudgetPlanner.Wpf.csproj", "{EF97E07C-862F-4C1A-9ECB-F8E68F5C773A}"
EndProject
Project("{FAE04EC0-301F-11D3-BF4B-00C04F79EFBC}") = "BudgetPlanner.Core", "BudgetPlanner.Core\BudgetPlanner.Core.csproj", "{4AECF299-F898-4101-B9D3-940E158CC94E}"
EndProject
Project("{FAE04EC0-301F-11D3-BF4B-00C04F79EFBC}") = "BudgetPlanner.Data", "BudgetPlanner.Data\BudgetPlanner.Data.csproj", "{5B85D21E-9FF2-4D84-AC10-721752E073B0}"
EndProject
Project("{FAE04EC0-301F-11D3-BF4B-00C04F79EFBC}") = "BudgetPlanner.Tests", "BudgetPlanner.Tests\BudgetPlanner.Tests.csproj", "{0827D318-91D2-4978-BA69-1081E9ED7E06}"
EndProject
Project("{FAE04EC0-301F-11D3-BF4B-00C04F79EFBC}") = "BudgetPlanner.Services", "BudgetPlanner.Services\BudgetPlanner.Services.csproj", "{8C5D571C-CF9C-4AED-B637-976751300605}"
EndProject
Global
	GlobalSection(SolutionConfigurationPlatforms) = preSolution
		Debug|Any CPU = Debug|Any CPU
		Release|Any CPU = Release|Any CPU
	EndGlobalSection
	GlobalSection(ProjectConfigurationPlatforms) = postSolution
		{EF97E07C-862F-4C1A-9ECB-F8E68F5C773A}.Debug|Any CPU.ActiveCfg = Debug|Any CPU
		{EF97E07C-862F-4C1A-9ECB-F8E68F5C773A}.Debug|Any CPU.Build.0 = Debug|Any CPU
		{EF97E07C-862F-4C1A-9ECB-F8E68F5C773A}.Release|Any CPU.ActiveCfg = Release|Any CPU
		{EF97E07C-862F-4C1A-9ECB-F8E68F5C773A}.Release|Any CPU.Build.0 = Release|Any CPU
		{4AECF299-F898-4101-B9D3-940E158CC94E}.Debug|Any CPU.ActiveCfg = Debug|Any CPU
		{4AECF299-F898-4101-B9D3-940E158CC94E}.Debug|Any CPU.Build.0 = Debug|Any CPU
		{4AECF299-F898-4101-B9D3-940E158CC94E}.Release|Any CPU.ActiveCfg = Release|Any CPU
		{4AECF299-F898-4101-B9D3-940E158CC94E}.Release|Any CPU.Build.0 = Release|Any CPU
		{5B85D21E-9FF2-4D84-AC10-721752E073B0}.Debug|Any CPU.ActiveCfg = Debug|Any CPU
		{5B85D21E-9FF2-4D84-AC10-721752E073B0}.Debug|Any CPU.Build.0 = Debug|Any CPU
		{5B85D21E-9FF2-4D84-AC10-721752E073B0}.Release|Any CPU.ActiveCfg = Release|Any CPU
		{5B85D21E-9FF2-4D84-AC10-721752E073B0}.Release|Any CPU.Build.0 = Release|Any CPU
		{0827D318-91D2-4978-BA69-1081E9ED7E06}.Debug|Any CPU.ActiveCfg = Debug|Any CPU
		{0827D318-91D2-4978-BA69-1081E9ED7E06}.Debug|Any CPU.Build.0 = Debug|Any CPU
		{0827D318-91D2-4978-BA69-1081E9ED7E06}.Release|Any CPU.ActiveCfg = Release|Any CPU
		{0827D318-91D2-4978-BA69-1081E9ED7E06}.Release|Any CPU.Build.0 = Release|Any CPU
		{8C5D571C-CF9C-4AED-B637-976751300605}.Debug|Any CPU.ActiveCfg = Debug|Any CPU
		{8C5D571C-CF9C-4AED-B637-976751300605}.Debug|Any CPU.Build.0 = Debug|Any CPU
		{8C5D571C-CF9C-4AED-B637-976751300605}.Release|Any CPU.ActiveCfg = Release|Any CPU
		{8C5D571C-CF9C-4AED-B637-976751300605}.Release|Any CPU.Build.0 = Release|Any CPU
	EndGlobalSection
	GlobalSection(SolutionProperties) = preSolution
		HideSolutionNode = FALSE
	EndGlobalSection
	GlobalSection(ExtensibilityGlobals) = postSolution
		SolutionGuid = {79FB6DC0-0F90-42F2-A6F0-40763A544B0D}
	EndGlobalSection
EndGlobal
