
Microsoft Visual Studio Solution File, Format Version 12.00
# Visual Studio Version 17
VisualStudioVersion = 17.14.36804.6 d17.14
MinimumVisualStudioVersion = 10.0.40219.1
Project("{FAE04EC0-301F-11D3-BF4B-00C04F79EFBC}") = "BudgetPlanner.Wpf", "BudgetPlanner.Wpf\BudgetPlanner.Wpf.csproj", "{EF97E07C-862F-4C1A-9ECB-F8E68F5C773A}"
EndProject
Global
	GlobalSection(SolutionConfigurationPlatforms) = preSolution
		Debug|Any CPU = Debug|Any CPU
		Release|Any CPU = Release|Any CPU
	EndGlobalSection
	GlobalSection(ProjectConfigurationPlatforms) = postSolution
		{EF97E07C-862F-4C1A-9ECB-F8E68F5C773A}.Debug|Any CPU.ActiveCfg = Debug|Any CPU
		{EF97E07C-862F-4C1A-9ECB-F8E68F5C773A}.Debug|Any CPU.Build.0 = Debug|Any CPU
		{EF97E07C-862F-4C1A-9ECB-F8E68F5C773A}.Release|Any CPU.ActiveCfg = Release|Any CPU
		{EF97E07C-862F-4C1A-9ECB-F8E68F5C773A}.Release|Any CPU.Build.0 = Release|Any CPU
	EndGlobalSection
	GlobalSection(SolutionProperties) = preSolution
		HideSolutionNode = FALSE
	EndGlobalSection
	GlobalSection(ExtensibilityGlobals) = postSolution
		SolutionGuid = {79FB6DC0-0F90-42F2-A6F0-40763A544B0D}
	EndGlobalSection
EndGlobal
